// !$*UTF8*$!
{
	archiveVersion = 1;
	classes = {
	};
	objectVersion = 48;
	objects = {

/* Begin PBXBuildFile section */
		2D5570D9C90D5EBF97CD0EF7 /* Pods_PideTEComida.framework in Frameworks */ = {isa = PBXBuildFile; fileRef = 2A7B9B92FD31E004099B81BA /* Pods_PideTEComida.framework */; };
		D95DC17B1FA1484B00671EC4 /* AppDelegate.swift in Sources */ = {isa = PBXBuildFile; fileRef = D95DC17A1FA1484B00671EC4 /* AppDelegate.swift */; };
		D95DC1801FA1484B00671EC4 /* Main.storyboard in Resources */ = {isa = PBXBuildFile; fileRef = D95DC17E1FA1484B00671EC4 /* Main.storyboard */; };
		D95DC1821FA1484B00671EC4 /* Assets.xcassets in Resources */ = {isa = PBXBuildFile; fileRef = D95DC1811FA1484B00671EC4 /* Assets.xcassets */; };
		D95DC1851FA1484B00671EC4 /* LaunchScreen.storyboard in Resources */ = {isa = PBXBuildFile; fileRef = D95DC1831FA1484B00671EC4 /* LaunchScreen.storyboard */; };
		D95DC1911FA14EB100671EC4 /* GoogleService-Info.plist in Resources */ = {isa = PBXBuildFile; fileRef = D95DC1901FA14EB100671EC4 /* GoogleService-Info.plist */; };
		D95DC1951FA1928400671EC4 /* PantallaMenu.swift in Sources */ = {isa = PBXBuildFile; fileRef = D95DC1941FA1928400671EC4 /* PantallaMenu.swift */; };
		D95DC1971FA1A19800671EC4 /* PantallaMapa.swift in Sources */ = {isa = PBXBuildFile; fileRef = D95DC1961FA1A19800671EC4 /* PantallaMapa.swift */; };
		D95DC19B1FA1B73200671EC4 /* VeroRide.gpx in Resources */ = {isa = PBXBuildFile; fileRef = D95DC19A1FA1B73200671EC4 /* VeroRide.gpx */; };
		D95DC19D1FA22C1A00671EC4 /* PantallaPlatillo.swift in Sources */ = {isa = PBXBuildFile; fileRef = D95DC19C1FA22C1A00671EC4 /* PantallaPlatillo.swift */; };
		D95DC19F1FA231B200671EC4 /* infoComida.json in Resources */ = {isa = PBXBuildFile; fileRef = D95DC19E1FA231B200671EC4 /* infoComida.json */; };
/* End PBXBuildFile section */

/* Begin PBXFileReference section */
		1DFEF869A32B6232E5AD4CEE /* Pods-PideTEComida.release.xcconfig */ = {isa = PBXFileReference; includeInIndex = 1; lastKnownFileType = text.xcconfig; name = "Pods-PideTEComida.release.xcconfig"; path = "Pods/Target Support Files/Pods-PideTEComida/Pods-PideTEComida.release.xcconfig"; sourceTree = "<group>"; };
		2A7B9B92FD31E004099B81BA /* Pods_PideTEComida.framework */ = {isa = PBXFileReference; explicitFileType = wrapper.framework; includeInIndex = 0; path = Pods_PideTEComida.framework; sourceTree = BUILT_PRODUCTS_DIR; };
		D95DC1771FA1484B00671EC4 /* PideTEComida.app */ = {isa = PBXFileReference; explicitFileType = wrapper.application; includeInIndex = 0; path = PideTEComida.app; sourceTree = BUILT_PRODUCTS_DIR; };
		D95DC17A1FA1484B00671EC4 /* AppDelegate.swift */ = {isa = PBXFileReference; lastKnownFileType = sourcecode.swift; path = AppDelegate.swift; sourceTree = "<group>"; };
		D95DC17F1FA1484B00671EC4 /* Base */ = {isa = PBXFileReference; lastKnownFileType = file.storyboard; name = Base; path = Base.lproj/Main.storyboard; sourceTree = "<group>"; };
		D95DC1811FA1484B00671EC4 /* Assets.xcassets */ = {isa = PBXFileReference; lastKnownFileType = folder.assetcatalog; path = Assets.xcassets; sourceTree = "<group>"; };
		D95DC1841FA1484B00671EC4 /* Base */ = {isa = PBXFileReference; lastKnownFileType = file.storyboard; name = Base; path = Base.lproj/LaunchScreen.storyboard; sourceTree = "<group>"; };
		D95DC1861FA1484B00671EC4 /* Info.plist */ = {isa = PBXFileReference; lastKnownFileType = text.plist.xml; path = Info.plist; sourceTree = "<group>"; };
		D95DC1901FA14EB100671EC4 /* GoogleService-Info.plist */ = {isa = PBXFileReference; fileEncoding = 4; lastKnownFileType = text.plist.xml; path = "GoogleService-Info.plist"; sourceTree = "<group>"; };
		D95DC1941FA1928400671EC4 /* PantallaMenu.swift */ = {isa = PBXFileReference; lastKnownFileType = sourcecode.swift; path = PantallaMenu.swift; sourceTree = "<group>"; };
		D95DC1961FA1A19800671EC4 /* PantallaMapa.swift */ = {isa = PBXFileReference; lastKnownFileType = sourcecode.swift; path = PantallaMapa.swift; sourceTree = "<group>"; };
		D95DC19A1FA1B73200671EC4 /* VeroRide.gpx */ = {isa = PBXFileReference; fileEncoding = 4; lastKnownFileType = text.xml; path = VeroRide.gpx; sourceTree = "<group>"; };
		D95DC19C1FA22C1A00671EC4 /* PantallaPlatillo.swift */ = {isa = PBXFileReference; lastKnownFileType = sourcecode.swift; path = PantallaPlatillo.swift; sourceTree = "<group>"; };
		D95DC19E1FA231B200671EC4 /* infoComida.json */ = {isa = PBXFileReference; fileEncoding = 4; lastKnownFileType = text.json; path = infoComida.json; sourceTree = "<group>"; };
		DE3C03DE8B8FECFF0FFBFB6F /* Pods-PideTEComida.debug.xcconfig */ = {isa = PBXFileReference; includeInIndex = 1; lastKnownFileType = text.xcconfig; name = "Pods-PideTEComida.debug.xcconfig"; path = "Pods/Target Support Files/Pods-PideTEComida/Pods-PideTEComida.debug.xcconfig"; sourceTree = "<group>"; };
/* End PBXFileReference section */

/* Begin PBXFrameworksBuildPhase section */
		D95DC1741FA1484B00671EC4 /* Frameworks */ = {
			isa = PBXFrameworksBuildPhase;
			buildActionMask = 2147483647;
			files = (
				2D5570D9C90D5EBF97CD0EF7 /* Pods_PideTEComida.framework in Frameworks */,
			);
			runOnlyForDeploymentPostprocessing = 0;
		};
/* End PBXFrameworksBuildPhase section */

/* Begin PBXGroup section */
		4BDD6D3869C667CF42310D01 /* Pods */ = {
			isa = PBXGroup;
			children = (
				DE3C03DE8B8FECFF0FFBFB6F /* Pods-PideTEComida.debug.xcconfig */,
				1DFEF869A32B6232E5AD4CEE /* Pods-PideTEComida.release.xcconfig */,
			);
			name = Pods;
			sourceTree = "<group>";
		};
		B489E18A29AC977D55DBC3C4 /* Frameworks */ = {
			isa = PBXGroup;
			children = (
				2A7B9B92FD31E004099B81BA /* Pods_PideTEComida.framework */,
			);
			name = Frameworks;
			sourceTree = "<group>";
		};
		D95DC16E1FA1484A00671EC4 = {
			isa = PBXGroup;
			children = (
				D95DC19E1FA231B200671EC4 /* infoComida.json */,
				D95DC19A1FA1B73200671EC4 /* VeroRide.gpx */,
				D95DC1791FA1484B00671EC4 /* PideTEComida */,
				D95DC1781FA1484B00671EC4 /* Products */,
				4BDD6D3869C667CF42310D01 /* Pods */,
				B489E18A29AC977D55DBC3C4 /* Frameworks */,
			);
			sourceTree = "<group>";
		};
		D95DC1781FA1484B00671EC4 /* Products */ = {
			isa = PBXGroup;
			children = (
				D95DC1771FA1484B00671EC4 /* PideTEComida.app */,
			);
			name = Products;
			sourceTree = "<group>";
		};
		D95DC1791FA1484B00671EC4 /* PideTEComida */ = {
			isa = PBXGroup;
			children = (
				D95DC1901FA14EB100671EC4 /* GoogleService-Info.plist */,
				D95DC17A1FA1484B00671EC4 /* AppDelegate.swift */,
				D95DC17E1FA1484B00671EC4 /* Main.storyboard */,
				D95DC1811FA1484B00671EC4 /* Assets.xcassets */,
				D95DC1831FA1484B00671EC4 /* LaunchScreen.storyboard */,
				D95DC1861FA1484B00671EC4 /* Info.plist */,
				D95DC1941FA1928400671EC4 /* PantallaMenu.swift */,
				D95DC1961FA1A19800671EC4 /* PantallaMapa.swift */,
				D95DC19C1FA22C1A00671EC4 /* PantallaPlatillo.swift */,
			);
			path = PideTEComida;
			sourceTree = "<group>";
		};
/* End PBXGroup section */

/* Begin PBXNativeTarget section */
		D95DC1761FA1484B00671EC4 /* PideTEComida */ = {
			isa = PBXNativeTarget;
			buildConfigurationList = D95DC1891FA1484B00671EC4 /* Build configuration list for PBXNativeTarget "PideTEComida" */;
			buildPhases = (
				88BE1093AC126B5F13328818 /* [CP] Check Pods Manifest.lock */,
				D95DC1731FA1484B00671EC4 /* Sources */,
				D95DC1741FA1484B00671EC4 /* Frameworks */,
				D95DC1751FA1484B00671EC4 /* Resources */,
				6827D9C31E5ABEA98E35DF2D /* [CP] Embed Pods Frameworks */,
				A75D554B4707FA8FB01CDA32 /* [CP] Copy Pods Resources */,
			);
			buildRules = (
			);
			dependencies = (
			);
			name = PideTEComida;
			productName = PideTEComida;
			productReference = D95DC1771FA1484B00671EC4 /* PideTEComida.app */;
			productType = "com.apple.product-type.application";
		};
/* End PBXNativeTarget section */

/* Begin PBXProject section */
		D95DC16F1FA1484B00671EC4 /* Project object */ = {
			isa = PBXProject;
			attributes = {
				LastSwiftUpdateCheck = 0900;
				LastUpgradeCheck = 0900;
				ORGANIZATIONNAME = "Aldo Reyna Gomez";
				TargetAttributes = {
					D95DC1761FA1484B00671EC4 = {
						CreatedOnToolsVersion = 9.0;
						ProvisioningStyle = Automatic;
					};
				};
			};
			buildConfigurationList = D95DC1721FA1484B00671EC4 /* Build configuration list for PBXProject "PideTEComida" */;
			compatibilityVersion = "Xcode 8.0";
			developmentRegion = en;
			hasScannedForEncodings = 0;
			knownRegions = (
				en,
				Base,
			);
			mainGroup = D95DC16E1FA1484A00671EC4;
			productRefGroup = D95DC1781FA1484B00671EC4 /* Products */;
			projectDirPath = "";
			projectRoot = "";
			targets = (
				D95DC1761FA1484B00671EC4 /* PideTEComida */,
			);
		};
/* End PBXProject section */

/* Begin PBXResourcesBuildPhase section */
		D95DC1751FA1484B00671EC4 /* Resources */ = {
			isa = PBXResourcesBuildPhase;
			buildActionMask = 2147483647;
			files = (
				D95DC1851FA1484B00671EC4 /* LaunchScreen.storyboard in Resources */,
				D95DC1911FA14EB100671EC4 /* GoogleService-Info.plist in Resources */,
				D95DC19B1FA1B73200671EC4 /* VeroRide.gpx in Resources */,
				D95DC19F1FA231B200671EC4 /* infoComida.json in Resources */,
				D95DC1821FA1484B00671EC4 /* Assets.xcassets in Resources */,
				D95DC1801FA1484B00671EC4 /* Main.storyboard in Resources */,
			);
			runOnlyForDeploymentPostprocessing = 0;
		};
/* End PBXResourcesBuildPhase section */

/* Begin PBXShellScriptBuildPhase section */
		6827D9C31E5ABEA98E35DF2D /* [CP] Embed Pods Frameworks */ = {
			isa = PBXShellScriptBuildPhase;
			buildActionMask = 2147483647;
			files = (
			);
			inputPaths = (
				"${SRCROOT}/Pods/Target Support Files/Pods-PideTEComida/Pods-PideTEComida-frameworks.sh",
				"${BUILT_PRODUCTS_DIR}/GTMOAuth2/GTMOAuth2.framework",
				"${BUILT_PRODUCTS_DIR}/GTMSessionFetcher/GTMSessionFetcher.framework",
				"${BUILT_PRODUCTS_DIR}/GoogleAPIClientForREST/GoogleAPIClientForREST.framework",
				"${BUILT_PRODUCTS_DIR}/GoogleToolboxForMac/GoogleToolboxForMac.framework",
			);
			name = "[CP] Embed Pods Frameworks";
			outputPaths = (
				"${TARGET_BUILD_DIR}/${FRAMEWORKS_FOLDER_PATH}/GTMOAuth2.framework",
				"${TARGET_BUILD_DIR}/${FRAMEWORKS_FOLDER_PATH}/GTMSessionFetcher.framework",
				"${TARGET_BUILD_DIR}/${FRAMEWORKS_FOLDER_PATH}/GoogleAPIClientForREST.framework",
				"${TARGET_BUILD_DIR}/${FRAMEWORKS_FOLDER_PATH}/GoogleToolboxForMac.framework",
			);
			runOnlyForDeploymentPostprocessing = 0;
			shellPath = /bin/sh;
			shellScript = "\"${SRCROOT}/Pods/Target Support Files/Pods-PideTEComida/Pods-PideTEComida-frameworks.sh\"\n";
			showEnvVarsInLog = 0;
		};
		88BE1093AC126B5F13328818 /* [CP] Check Pods Manifest.lock */ = {
			isa = PBXShellScriptBuildPhase;
			buildActionMask = 2147483647;
			files = (
			);
			inputPaths = (
				"${PODS_PODFILE_DIR_PATH}/Podfile.lock",
				"${PODS_ROOT}/Manifest.lock",
			);
			name = "[CP] Check Pods Manifest.lock";
			outputPaths = (
				"$(DERIVED_FILE_DIR)/Pods-PideTEComida-checkManifestLockResult.txt",
			);
			runOnlyForDeploymentPostprocessing = 0;
			shellPath = /bin/sh;
			shellScript = "diff \"${PODS_PODFILE_DIR_PATH}/Podfile.lock\" \"${PODS_ROOT}/Manifest.lock\" > /dev/null\nif [ $? != 0 ] ; then\n    # print error to STDERR\n    echo \"error: The sandbox is not in sync with the Podfile.lock. Run 'pod install' or update your CocoaPods installation.\" >&2\n    exit 1\nfi\n# This output is used by Xcode 'outputs' to avoid re-running this script phase.\necho \"SUCCESS\" > \"${SCRIPT_OUTPUT_FILE_0}\"\n";
			showEnvVarsInLog = 0;
		};
		A75D554B4707FA8FB01CDA32 /* [CP] Copy Pods Resources */ = {
			isa = PBXShellScriptBuildPhase;
			buildActionMask = 2147483647;
			files = (
			);
			inputPaths = (
				"${SRCROOT}/Pods/Target Support Files/Pods-PideTEComida/Pods-PideTEComida-resources.sh",
				"${PODS_ROOT}/GoogleSignIn/Resources/GoogleSignIn.bundle",
			);
			name = "[CP] Copy Pods Resources";
			outputPaths = (
				"${TARGET_BUILD_DIR}/${UNLOCALIZED_RESOURCES_FOLDER_PATH}",
			);
			runOnlyForDeploymentPostprocessing = 0;
			shellPath = /bin/sh;
			shellScript = "\"${SRCROOT}/Pods/Target Support Files/Pods-PideTEComida/Pods-PideTEComida-resources.sh\"\n";
			showEnvVarsInLog = 0;
		};
/* End PBXShellScriptBuildPhase section */

/* Begin PBXSourcesBuildPhase section */
		D95DC1731FA1484B00671EC4 /* Sources */ = {
			isa = PBXSourcesBuildPhase;
			buildActionMask = 2147483647;
			files = (
				D95DC1971FA1A19800671EC4 /* PantallaMapa.swift in Sources */,
				D95DC17B1FA1484B00671EC4 /* AppDelegate.swift in Sources */,
				D95DC1951FA1928400671EC4 /* PantallaMenu.swift in Sources */,
				D95DC19D1FA22C1A00671EC4 /* PantallaPlatillo.swift in Sources */,
			);
			runOnlyForDeploymentPostprocessing = 0;
		};
/* End PBXSourcesBuildPhase section */

/* Begin PBXVariantGroup section */
		D95DC17E1FA1484B00671EC4 /* Main.storyboard */ = {
			isa = PBXVariantGroup;
			children = (
				D95DC17F1FA1484B00671EC4 /* Base */,
			);
			name = Main.storyboard;
			sourceTree = "<group>";
		};
		D95DC1831FA1484B00671EC4 /* LaunchScreen.storyboard */ = {
			isa = PBXVariantGroup;
			children = (
				D95DC1841FA1484B00671EC4 /* Base */,
			);
			name = LaunchScreen.storyboard;
			sourceTree = "<group>";
		};
/* End PBXVariantGroup section */

/* Begin XCBuildConfiguration section */
		D95DC1871FA1484B00671EC4 /* Debug */ = {
			isa = XCBuildConfiguration;
			buildSettings = {
				ALWAYS_SEARCH_USER_PATHS = NO;
				CLANG_ANALYZER_NONNULL = YES;
				CLANG_ANALYZER_NUMBER_OBJECT_CONVERSION = YES_AGGRESSIVE;
				CLANG_CXX_LANGUAGE_STANDARD = "gnu++14";
				CLANG_CXX_LIBRARY = "libc++";
				CLANG_ENABLE_MODULES = YES;
				CLANG_ENABLE_OBJC_ARC = YES;
				CLANG_WARN_BLOCK_CAPTURE_AUTORELEASING = YES;
				CLANG_WARN_BOOL_CONVERSION = YES;
				CLANG_WARN_COMMA = YES;
				CLANG_WARN_CONSTANT_CONVERSION = YES;
				CLANG_WARN_DIRECT_OBJC_ISA_USAGE = YES_ERROR;
				CLANG_WARN_DOCUMENTATION_COMMENTS = YES;
				CLANG_WARN_EMPTY_BODY = YES;
				CLANG_WARN_ENUM_CONVERSION = YES;
				CLANG_WARN_INFINITE_RECURSION = YES;
				CLANG_WARN_INT_CONVERSION = YES;
				CLANG_WARN_NON_LITERAL_NULL_CONVERSION = YES;
				CLANG_WARN_OBJC_LITERAL_CONVERSION = YES;
				CLANG_WARN_OBJC_ROOT_CLASS = YES_ERROR;
				CLANG_WARN_RANGE_LOOP_ANALYSIS = YES;
				CLANG_WARN_STRICT_PROTOTYPES = YES;
				CLANG_WARN_SUSPICIOUS_MOVE = YES;
				CLANG_WARN_UNGUARDED_AVAILABILITY = YES_AGGRESSIVE;
				CLANG_WARN_UNREACHABLE_CODE = YES;
				CLANG_WARN__DUPLICATE_METHOD_MATCH = YES;
				CODE_SIGN_IDENTITY = "iPhone Developer";
				COPY_PHASE_STRIP = NO;
				DEBUG_INFORMATION_FORMAT = dwarf;
				ENABLE_STRICT_OBJC_MSGSEND = YES;
				ENABLE_TESTABILITY = YES;
				GCC_C_LANGUAGE_STANDARD = gnu11;
				GCC_DYNAMIC_NO_PIC = NO;
				GCC_NO_COMMON_BLOCKS = YES;
				GCC_OPTIMIZATION_LEVEL = 0;
				GCC_PREPROCESSOR_DEFINITIONS = (
					"DEBUG=1",
					"$(inherited)",
				);
				GCC_WARN_64_TO_32_BIT_CONVERSION = YES;
				GCC_WARN_ABOUT_RETURN_TYPE = YES_ERROR;
				GCC_WARN_UNDECLARED_SELECTOR = YES;
				GCC_WARN_UNINITIALIZED_AUTOS = YES_AGGRESSIVE;
				GCC_WARN_UNUSED_FUNCTION = YES;
				GCC_WARN_UNUSED_VARIABLE = YES;
				IPHONEOS_DEPLOYMENT_TARGET = 11.0;
				MTL_ENABLE_DEBUG_INFO = YES;
				ONLY_ACTIVE_ARCH = YES;
				SDKROOT = iphoneos;
				SWIFT_ACTIVE_COMPILATION_CONDITIONS = DEBUG;
				SWIFT_OPTIMIZATION_LEVEL = "-Onone";
			};
			name = Debug;
		};
		D95DC1881FA1484B00671EC4 /* Release */ = {
			isa = XCBuildConfiguration;
			buildSettings = {
				ALWAYS_SEARCH_USER_PATHS = NO;
				CLANG_ANALYZER_NONNULL = YES;
				CLANG_ANALYZER_NUMBER_OBJECT_CONVERSION = YES_AGGRESSIVE;
				CLANG_CXX_LANGUAGE_STANDARD = "gnu++14";
				CLANG_CXX_LIBRARY = "libc++";
				CLANG_ENABLE_MODULES = YES;
				CLANG_ENABLE_OBJC_ARC = YES;
				CLANG_WARN_BLOCK_CAPTURE_AUTORELEASING = YES;
				CLANG_WARN_BOOL_CONVERSION = YES;
				CLANG_WARN_COMMA = YES;
				CLANG_WARN_CONSTANT_CONVERSION = YES;
				CLANG_WARN_DIRECT_OBJC_ISA_USAGE = YES_ERROR;
				CLANG_WARN_DOCUMENTATION_COMMENTS = YES;
				CLANG_WARN_EMPTY_BODY = YES;
				CLANG_WARN_ENUM_CONVERSION = YES;
				CLANG_WARN_INFINITE_RECURSION = YES;
				CLANG_WARN_INT_CONVERSION = YES;
				CLANG_WARN_NON_LITERAL_NULL_CONVERSION = YES;
				CLANG_WARN_OBJC_LITERAL_CONVERSION = YES;
				CLANG_WARN_OBJC_ROOT_CLASS = YES_ERROR;
				CLANG_WARN_RANGE_LOOP_ANALYSIS = YES;
				CLANG_WARN_STRICT_PROTOTYPES = YES;
				CLANG_WARN_SUSPICIOUS_MOVE = YES;
				CLANG_WARN_UNGUARDED_AVAILABILITY = YES_AGGRESSIVE;
				CLANG_WARN_UNREACHABLE_CODE = YES;
				CLANG_WARN__DUPLICATE_METHOD_MATCH = YES;
				CODE_SIGN_IDENTITY = "iPhone Developer";
				COPY_PHASE_STRIP = NO;
				DEBUG_INFORMATION_FORMAT = "dwarf-with-dsym";
				ENABLE_NS_ASSERTIONS = NO;
				ENABLE_STRICT_OBJC_MSGSEND = YES;
				GCC_C_LANGUAGE_STANDARD = gnu11;
				GCC_NO_COMMON_BLOCKS = YES;
				GCC_WARN_64_TO_32_BIT_CONVERSION = YES;
				GCC_WARN_ABOUT_RETURN_TYPE = YES_ERROR;
				GCC_WARN_UNDECLARED_SELECTOR = YES;
				GCC_WARN_UNINITIALIZED_AUTOS = YES_AGGRESSIVE;
				GCC_WARN_UNUSED_FUNCTION = YES;
				GCC_WARN_UNUSED_VARIABLE = YES;
				IPHONEOS_DEPLOYMENT_TARGET = 11.0;
				MTL_ENABLE_DEBUG_INFO = NO;
				SDKROOT = iphoneos;
				SWIFT_OPTIMIZATION_LEVEL = "-Owholemodule";
				VALIDATE_PRODUCT = YES;
			};
			name = Release;
		};
		D95DC18A1FA1484B00671EC4 /* Debug */ = {
			isa = XCBuildConfiguration;
			baseConfigurationReference = DE3C03DE8B8FECFF0FFBFB6F /* Pods-PideTEComida.debug.xcconfig */;
			buildSettings = {
				ASSETCATALOG_COMPILER_APPICON_NAME = AppIcon;
				CODE_SIGN_STYLE = Automatic;
				DEVELOPMENT_TEAM = 6GKBX7MLG9;
				INFOPLIST_FILE = PideTEComida/Info.plist;
				LD_RUNPATH_SEARCH_PATHS = "$(inherited) @executable_path/Frameworks";
				PRODUCT_BUNDLE_IDENTIFIER = com.itesm.ithinkemo.PideTEComida;
				PRODUCT_NAME = "$(TARGET_NAME)";
				SWIFT_VERSION = 4.0;
				TARGETED_DEVICE_FAMILY = "1,2";
			};
			name = Debug;
		};
		D95DC18B1FA1484B00671EC4 /* Release */ = {
			isa = XCBuildConfiguration;
			baseConfigurationReference = 1DFEF869A32B6232E5AD4CEE /* Pods-PideTEComida.release.xcconfig */;
			buildSettings = {
				ASSETCATALOG_COMPILER_APPICON_NAME = AppIcon;
				CODE_SIGN_STYLE = Automatic;
				DEVELOPMENT_TEAM = 6GKBX7MLG9;
				INFOPLIST_FILE = PideTEComida/Info.plist;
				LD_RUNPATH_SEARCH_PATHS = "$(inherited) @executable_path/Frameworks";
				PRODUCT_BUNDLE_IDENTIFIER = com.itesm.ithinkemo.PideTEComida;
				PRODUCT_NAME = "$(TARGET_NAME)";
				SWIFT_VERSION = 4.0;
				TARGETED_DEVICE_FAMILY = "1,2";
			};
			name = Release;
		};
/* End XCBuildConfiguration section */

/* Begin XCConfigurationList section */
		D95DC1721FA1484B00671EC4 /* Build configuration list for PBXProject "PideTEComida" */ = {
			isa = XCConfigurationList;
			buildConfigurations = (
				D95DC1871FA1484B00671EC4 /* Debug */,
				D95DC1881FA1484B00671EC4 /* Release */,
			);
			defaultConfigurationIsVisible = 0;
			defaultConfigurationName = Release;
		};
		D95DC1891FA1484B00671EC4 /* Build configuration list for PBXNativeTarget "PideTEComida" */ = {
			isa = XCConfigurationList;
			buildConfigurations = (
				D95DC18A1FA1484B00671EC4 /* Debug */,
				D95DC18B1FA1484B00671EC4 /* Release */,
			);
			defaultConfigurationIsVisible = 0;
			defaultConfigurationName = Release;
		};
/* End XCConfigurationList section */
	};
	rootObject = D95DC16F1FA1484B00671EC4 /* Project object */;
}
